
Microsoft Visual Studio Solution File, Format Version 12.00
# Visual Studio 15
VisualStudioVersion = 15.0.28010.2036
MinimumVisualStudioVersion = 10.0.40219.1
Project("{FAE04EC0-301F-11D3-BF4B-00C04F79EFBC}") = "FractalApp", "FractalApp\FractalApp.csproj", "{3B0C6571-27D4-42DC-AC64-97C9CA77DAFB}"
EndProject
Project("{FAE04EC0-301F-11D3-BF4B-00C04F79EFBC}") = "Fractals", "Fractals\Fractals.csproj", "{98F8495F-2741-4D9F-B8B8-50B2EF28F777}"
EndProject
Global
	GlobalSection(SolutionConfigurationPlatforms) = preSolution
		Debug|Any CPU = Debug|Any CPU
		Release|Any CPU = Release|Any CPU
	EndGlobalSection
	GlobalSection(ProjectConfigurationPlatforms) = postSolution
		{3B0C6571-27D4-42DC-AC64-97C9CA77DAFB}.Debug|Any CPU.ActiveCfg = Debug|Any CPU
		{3B0C6571-27D4-42DC-AC64-97C9CA77DAFB}.Debug|Any CPU.Build.0 = Debug|Any CPU
		{3B0C6571-27D4-42DC-AC64-97C9CA77DAFB}.Release|Any CPU.ActiveCfg = Release|Any CPU
		{3B0C6571-27D4-42DC-AC64-97C9CA77DAFB}.Release|Any CPU.Build.0 = Release|Any CPU
		{98F8495F-2741-4D9F-B8B8-50B2EF28F777}.Debug|Any CPU.ActiveCfg = Debug|Any CPU
		{98F8495F-2741-4D9F-B8B8-50B2EF28F777}.Debug|Any CPU.Build.0 = Debug|Any CPU
		{98F8495F-2741-4D9F-B8B8-50B2EF28F777}.Release|Any CPU.ActiveCfg = Release|Any CPU
		{98F8495F-2741-4D9F-B8B8-50B2EF28F777}.Release|Any CPU.Build.0 = Release|Any CPU
	EndGlobalSection
	GlobalSection(SolutionProperties) = preSolution
		HideSolutionNode = FALSE
	EndGlobalSection
	GlobalSection(ExtensibilityGlobals) = postSolution
		SolutionGuid = {758E58C7-E573-4D8B-BAF3-A055579731E2}
	EndGlobalSection
EndGlobal
